
Microsoft Visual Studio Solution File, Format Version 12.00
# Visual Studio Version 17
VisualStudioVersion = 17.14.36109.1
MinimumVisualStudioVersion = 10.0.40219.1
Project("{8BC9CEB8-8B4A-11D0-8D11-00A0C91BC942}") = "Sandbox", "Sandbox\Sandbox.vcxproj", "{CEA88071-6302-4020-B357-04797C03B4C0}"
EndProject
Project("{8BC9CEB8-8B4A-11D0-8D11-00A0C91BC942}") = "Hazel", "Hazel\Hazel.vcxproj", "{14CF37B3-5FBB-413D-8E0C-D74CC7E74124}"
EndProject
Global
	GlobalSection(SolutionConfigurationPlatforms) = preSolution
		Debug|x64 = Debug|x64
		Release|x64 = Release|x64
	EndGlobalSection
	GlobalSection(ProjectConfigurationPlatforms) = postSolution
		{CEA88071-6302-4020-B357-04797C03B4C0}.Debug|x64.ActiveCfg = Debug|x64
		{CEA88071-6302-4020-B357-04797C03B4C0}.Debug|x64.Build.0 = Debug|x64
		{CEA88071-6302-4020-B357-04797C03B4C0}.Release|x64.ActiveCfg = Release|x64
		{CEA88071-6302-4020-B357-04797C03B4C0}.Release|x64.Build.0 = Release|x64
		{14CF37B3-5FBB-413D-8E0C-D74CC7E74124}.Debug|x64.ActiveCfg = Debug|x64
		{14CF37B3-5FBB-413D-8E0C-D74CC7E74124}.Debug|x64.Build.0 = Debug|x64
		{14CF37B3-5FBB-413D-8E0C-D74CC7E74124}.Release|x64.ActiveCfg = Release|x64
		{14CF37B3-5FBB-413D-8E0C-D74CC7E74124}.Release|x64.Build.0 = Release|x64
	EndGlobalSection
	GlobalSection(SolutionProperties) = preSolution
		HideSolutionNode = FALSE
	EndGlobalSection
	GlobalSection(ExtensibilityGlobals) = postSolution
		SolutionGuid = {50528117-7EB2-4084-95DD-28895B04808F}
	EndGlobalSection
EndGlobal
